
Microsoft Visual Studio Solution File, Format Version 12.00
# Visual Studio Version 17
VisualStudioVersion = 17.9.34728.123
MinimumVisualStudioVersion = 10.0.40219.1
Project("{9A19103F-16F7-4668-BE54-9A1E7A4F7556}") = "Classify.Web", "Classify.Web.csproj", "{76253254-5432-4E5C-B1AD-721ECD072CC0}"
EndProject
Project("{9A19103F-16F7-4668-BE54-9A1E7A4F7556}") = "Classify.Infrastructure", "..\Classify.Infrastructure\Classify.Infrastructure.csproj", "{9B432906-A923-4C6A-A919-28EF8DA16BF3}"
EndProject
Project("{FAE04EC0-301F-11D3-BF4B-00C04F79EFBC}") = "Classify.Core", "..\Classify.Core\Classify.Core.csproj", "{1B8A8E6E-1177-47C6-AB56-E6A01D6CC093}"
EndProject
Global
	GlobalSection(SolutionConfigurationPlatforms) = preSolution
		Debug|Any CPU = Debug|Any CPU
		Release|Any CPU = Release|Any CPU
	EndGlobalSection
	GlobalSection(ProjectConfigurationPlatforms) = postSolution
		{76253254-5432-4E5C-B1AD-721ECD072CC0}.Debug|Any CPU.ActiveCfg = Debug|Any CPU
		{76253254-5432-4E5C-B1AD-721ECD072CC0}.Debug|Any CPU.Build.0 = Debug|Any CPU
		{76253254-5432-4E5C-B1AD-721ECD072CC0}.Release|Any CPU.ActiveCfg = Release|Any CPU
		{76253254-5432-4E5C-B1AD-721ECD072CC0}.Release|Any CPU.Build.0 = Release|Any CPU
		{9B432906-A923-4C6A-A919-28EF8DA16BF3}.Debug|Any CPU.ActiveCfg = Debug|Any CPU
		{9B432906-A923-4C6A-A919-28EF8DA16BF3}.Debug|Any CPU.Build.0 = Debug|Any CPU
		{9B432906-A923-4C6A-A919-28EF8DA16BF3}.Release|Any CPU.ActiveCfg = Release|Any CPU
		{9B432906-A923-4C6A-A919-28EF8DA16BF3}.Release|Any CPU.Build.0 = Release|Any CPU
		{1B8A8E6E-1177-47C6-AB56-E6A01D6CC093}.Debug|Any CPU.ActiveCfg = Debug|Any CPU
		{1B8A8E6E-1177-47C6-AB56-E6A01D6CC093}.Debug|Any CPU.Build.0 = Debug|Any CPU
		{1B8A8E6E-1177-47C6-AB56-E6A01D6CC093}.Release|Any CPU.ActiveCfg = Release|Any CPU
		{1B8A8E6E-1177-47C6-AB56-E6A01D6CC093}.Release|Any CPU.Build.0 = Release|Any CPU
	EndGlobalSection
	GlobalSection(SolutionProperties) = preSolution
		HideSolutionNode = FALSE
	EndGlobalSection
	GlobalSection(ExtensibilityGlobals) = postSolution
		SolutionGuid = {7F9DC1BA-0F42-442D-9683-FA8D8D179A4E}
	EndGlobalSection
EndGlobal
